// !$*UTF8*$!
{
	archiveVersion = 1;
	classes = {
	};
	objectVersion = 46;
	objects = {

/* Begin PBXBuildFile section */
		9B891DD11F5E357A00CDBAF1 /* AppDelegate.swift in Sources */ = {isa = PBXBuildFile; fileRef = 9B891DD01F5E357A00CDBAF1 /* AppDelegate.swift */; };
		9B891DD31F5E357A00CDBAF1 /* ViewController.swift in Sources */ = {isa = PBXBuildFile; fileRef = 9B891DD21F5E357A00CDBAF1 /* ViewController.swift */; };
		9B891DD81F5E357A00CDBAF1 /* Assets.xcassets in Resources */ = {isa = PBXBuildFile; fileRef = 9B891DD71F5E357A00CDBAF1 /* Assets.xcassets */; };
		9B891DDB1F5E357A00CDBAF1 /* LaunchScreen.storyboard in Resources */ = {isa = PBXBuildFile; fileRef = 9B891DD91F5E357A00CDBAF1 /* LaunchScreen.storyboard */; };
		9B891DE41F5E362000CDBAF1 /* Database.swift in Sources */ = {isa = PBXBuildFile; fileRef = 9B891DE31F5E362000CDBAF1 /* Database.swift */; };
		9B891DEB1F5E3BE900CDBAF1 /* libsqlite3.0.tbd in Frameworks */ = {isa = PBXBuildFile; fileRef = 9B891DEA1F5E3BE900CDBAF1 /* libsqlite3.0.tbd */; };
		9B891DED1F5E571B00CDBAF1 /* Statement.swift in Sources */ = {isa = PBXBuildFile; fileRef = 9B891DEC1F5E571B00CDBAF1 /* Statement.swift */; };
		9B891DEF1F5E592D00CDBAF1 /* ResultSet.swift in Sources */ = {isa = PBXBuildFile; fileRef = 9B891DEE1F5E592D00CDBAF1 /* ResultSet.swift */; };
		9B8FD1341F6B7C2400B108DF /* Filter.swift in Sources */ = {isa = PBXBuildFile; fileRef = 9B8FD1311F6B7C2400B108DF /* Filter.swift */; };
		9B8FD1351F6B7C2400B108DF /* PropertyInfo.swift in Sources */ = {isa = PBXBuildFile; fileRef = 9B8FD1321F6B7C2400B108DF /* PropertyInfo.swift */; };
		9B8FD1361F6B7C2400B108DF /* SQLGenerator.swift in Sources */ = {isa = PBXBuildFile; fileRef = 9B8FD1331F6B7C2400B108DF /* SQLGenerator.swift */; };
		9BD5CEDE1F5FB0AE00DC8AB2 /* DatabaseQueue.swift in Sources */ = {isa = PBXBuildFile; fileRef = 9BD5CEDD1F5FB0AE00DC8AB2 /* DatabaseQueue.swift */; };
		9BD5CEE01F5FE00D00DC8AB2 /* SwiftyDB.swift in Sources */ = {isa = PBXBuildFile; fileRef = 9BD5CEDF1F5FE00D00DC8AB2 /* SwiftyDB.swift */; };
/* End PBXBuildFile section */

/* Begin PBXFileReference section */
		9B891DCD1F5E357A00CDBAF1 /* SwiftyDB.app */ = {isa = PBXFileReference; explicitFileType = wrapper.application; includeInIndex = 0; path = SwiftyDB.app; sourceTree = BUILT_PRODUCTS_DIR; };
		9B891DD01F5E357A00CDBAF1 /* AppDelegate.swift */ = {isa = PBXFileReference; lastKnownFileType = sourcecode.swift; path = AppDelegate.swift; sourceTree = "<group>"; };
		9B891DD21F5E357A00CDBAF1 /* ViewController.swift */ = {isa = PBXFileReference; lastKnownFileType = sourcecode.swift; path = ViewController.swift; sourceTree = "<group>"; };
		9B891DD71F5E357A00CDBAF1 /* Assets.xcassets */ = {isa = PBXFileReference; lastKnownFileType = folder.assetcatalog; path = Assets.xcassets; sourceTree = "<group>"; };
		9B891DDA1F5E357A00CDBAF1 /* Base */ = {isa = PBXFileReference; lastKnownFileType = file.storyboard; name = Base; path = Base.lproj/LaunchScreen.storyboard; sourceTree = "<group>"; };
		9B891DDC1F5E357A00CDBAF1 /* Info.plist */ = {isa = PBXFileReference; lastKnownFileType = text.plist.xml; path = Info.plist; sourceTree = "<group>"; };
		9B891DE31F5E362000CDBAF1 /* Database.swift */ = {isa = PBXFileReference; fileEncoding = 4; lastKnownFileType = sourcecode.swift; path = Database.swift; sourceTree = "<group>"; };
		9B891DE51F5E368300CDBAF1 /* SwiftyDB-Bridging-Header.h */ = {isa = PBXFileReference; lastKnownFileType = sourcecode.c.h; path = "SwiftyDB-Bridging-Header.h"; sourceTree = "<group>"; };
		9B891DEA1F5E3BE900CDBAF1 /* libsqlite3.0.tbd */ = {isa = PBXFileReference; lastKnownFileType = "sourcecode.text-based-dylib-definition"; name = libsqlite3.0.tbd; path = usr/lib/libsqlite3.0.tbd; sourceTree = SDKROOT; };
		9B891DEC1F5E571B00CDBAF1 /* Statement.swift */ = {isa = PBXFileReference; fileEncoding = 4; lastKnownFileType = sourcecode.swift; path = Statement.swift; sourceTree = "<group>"; };
		9B891DEE1F5E592D00CDBAF1 /* ResultSet.swift */ = {isa = PBXFileReference; fileEncoding = 4; lastKnownFileType = sourcecode.swift; path = ResultSet.swift; sourceTree = "<group>"; };
		9B8FD1311F6B7C2400B108DF /* Filter.swift */ = {isa = PBXFileReference; fileEncoding = 4; lastKnownFileType = sourcecode.swift; path = Filter.swift; sourceTree = "<group>"; };
		9B8FD1321F6B7C2400B108DF /* PropertyInfo.swift */ = {isa = PBXFileReference; fileEncoding = 4; lastKnownFileType = sourcecode.swift; path = PropertyInfo.swift; sourceTree = "<group>"; };
		9B8FD1331F6B7C2400B108DF /* SQLGenerator.swift */ = {isa = PBXFileReference; fileEncoding = 4; lastKnownFileType = sourcecode.swift; path = SQLGenerator.swift; sourceTree = "<group>"; };
		9BD5CEDD1F5FB0AE00DC8AB2 /* DatabaseQueue.swift */ = {isa = PBXFileReference; fileEncoding = 4; lastKnownFileType = sourcecode.swift; path = DatabaseQueue.swift; sourceTree = "<group>"; };
		9BD5CEDF1F5FE00D00DC8AB2 /* SwiftyDB.swift */ = {isa = PBXFileReference; fileEncoding = 4; lastKnownFileType = sourcecode.swift; path = SwiftyDB.swift; sourceTree = "<group>"; };
/* End PBXFileReference section */

/* Begin PBXFrameworksBuildPhase section */
		9B891DCA1F5E357A00CDBAF1 /* Frameworks */ = {
			isa = PBXFrameworksBuildPhase;
			buildActionMask = 2147483647;
			files = (
				9B891DEB1F5E3BE900CDBAF1 /* libsqlite3.0.tbd in Frameworks */,
			);
			runOnlyForDeploymentPostprocessing = 0;
		};
/* End PBXFrameworksBuildPhase section */

/* Begin PBXGroup section */
		9B891DC41F5E357A00CDBAF1 = {
			isa = PBXGroup;
			children = (
				9B891DCF1F5E357A00CDBAF1 /* SwiftyDB */,
				9B891DCE1F5E357A00CDBAF1 /* Products */,
				9B891DE91F5E3BE900CDBAF1 /* Frameworks */,
			);
			sourceTree = "<group>";
		};
		9B891DCE1F5E357A00CDBAF1 /* Products */ = {
			isa = PBXGroup;
			children = (
				9B891DCD1F5E357A00CDBAF1 /* SwiftyDB.app */,
			);
			name = Products;
			sourceTree = "<group>";
		};
		9B891DCF1F5E357A00CDBAF1 /* SwiftyDB */ = {
			isa = PBXGroup;
			children = (
				9B891DE21F5E35A200CDBAF1 /* SwiftyDB */,
				9B891DD01F5E357A00CDBAF1 /* AppDelegate.swift */,
				9B891DD21F5E357A00CDBAF1 /* ViewController.swift */,
				9B891DD71F5E357A00CDBAF1 /* Assets.xcassets */,
				9B891DD91F5E357A00CDBAF1 /* LaunchScreen.storyboard */,
				9B891DDC1F5E357A00CDBAF1 /* Info.plist */,
			);
			path = SwiftyDB;
			sourceTree = "<group>";
		};
		9B891DE21F5E35A200CDBAF1 /* SwiftyDB */ = {
			isa = PBXGroup;
			children = (
				9B8FD1301F6B7C2400B108DF /* Mirror */,
				9BD5CEDF1F5FE00D00DC8AB2 /* SwiftyDB.swift */,
				9BD5CEDD1F5FB0AE00DC8AB2 /* DatabaseQueue.swift */,
				9B891DE31F5E362000CDBAF1 /* Database.swift */,
				9B891DEE1F5E592D00CDBAF1 /* ResultSet.swift */,
				9B891DEC1F5E571B00CDBAF1 /* Statement.swift */,
				9B891DE51F5E368300CDBAF1 /* SwiftyDB-Bridging-Header.h */,
			);
			path = SwiftyDB;
			sourceTree = "<group>";
		};
		9B891DE91F5E3BE900CDBAF1 /* Frameworks */ = {
			isa = PBXGroup;
			children = (
				9B891DEA1F5E3BE900CDBAF1 /* libsqlite3.0.tbd */,
			);
			name = Frameworks;
			sourceTree = "<group>";
		};
		9B8FD1301F6B7C2400B108DF /* Mirror */ = {
			isa = PBXGroup;
			children = (
				9B8FD1311F6B7C2400B108DF /* Filter.swift */,
				9B8FD1321F6B7C2400B108DF /* PropertyInfo.swift */,
				9B8FD1331F6B7C2400B108DF /* SQLGenerator.swift */,
			);
			path = Mirror;
			sourceTree = "<group>";
		};
/* End PBXGroup section */

/* Begin PBXNativeTarget section */
		9B891DCC1F5E357A00CDBAF1 /* SwiftyDB */ = {
			isa = PBXNativeTarget;
			buildConfigurationList = 9B891DDF1F5E357A00CDBAF1 /* Build configuration list for PBXNativeTarget "SwiftyDB" */;
			buildPhases = (
				9B891DC91F5E357A00CDBAF1 /* Sources */,
				9B891DCA1F5E357A00CDBAF1 /* Frameworks */,
				9B891DCB1F5E357A00CDBAF1 /* Resources */,
			);
			buildRules = (
			);
			dependencies = (
			);
			name = SwiftyDB;
			productName = SwiftyDB;
			productReference = 9B891DCD1F5E357A00CDBAF1 /* SwiftyDB.app */;
			productType = "com.apple.product-type.application";
		};
/* End PBXNativeTarget section */

/* Begin PBXProject section */
		9B891DC51F5E357A00CDBAF1 /* Project object */ = {
			isa = PBXProject;
			attributes = {
				LastSwiftUpdateCheck = 0830;
				LastUpgradeCheck = 0900;
				ORGANIZATIONNAME = y7;
				TargetAttributes = {
					9B891DCC1F5E357A00CDBAF1 = {
						CreatedOnToolsVersion = 8.3.2;
						DevelopmentTeam = 6NY5Z2C74Y;
						LastSwiftMigration = 0900;
						ProvisioningStyle = Manual;
					};
				};
			};
			buildConfigurationList = 9B891DC81F5E357A00CDBAF1 /* Build configuration list for PBXProject "SwiftyDB" */;
			compatibilityVersion = "Xcode 3.2";
			developmentRegion = English;
			hasScannedForEncodings = 0;
			knownRegions = (
				en,
				Base,
			);
			mainGroup = 9B891DC41F5E357A00CDBAF1;
			productRefGroup = 9B891DCE1F5E357A00CDBAF1 /* Products */;
			projectDirPath = "";
			projectRoot = "";
			targets = (
				9B891DCC1F5E357A00CDBAF1 /* SwiftyDB */,
			);
		};
/* End PBXProject section */

/* Begin PBXResourcesBuildPhase section */
		9B891DCB1F5E357A00CDBAF1 /* Resources */ = {
			isa = PBXResourcesBuildPhase;
			buildActionMask = 2147483647;
			files = (
				9B891DDB1F5E357A00CDBAF1 /* LaunchScreen.storyboard in Resources */,
				9B891DD81F5E357A00CDBAF1 /* Assets.xcassets in Resources */,
			);
			runOnlyForDeploymentPostprocessing = 0;
		};
/* End PBXResourcesBuildPhase section */

/* Begin PBXSourcesBuildPhase section */
		9B891DC91F5E357A00CDBAF1 /* Sources */ = {
			isa = PBXSourcesBuildPhase;
			buildActionMask = 2147483647;
			files = (
				9B891DE41F5E362000CDBAF1 /* Database.swift in Sources */,
				9BD5CEE01F5FE00D00DC8AB2 /* SwiftyDB.swift in Sources */,
				9B891DEF1F5E592D00CDBAF1 /* ResultSet.swift in Sources */,
				9B891DD31F5E357A00CDBAF1 /* ViewController.swift in Sources */,
				9B891DD11F5E357A00CDBAF1 /* AppDelegate.swift in Sources */,
				9B8FD1341F6B7C2400B108DF /* Filter.swift in Sources */,
				9B8FD1361F6B7C2400B108DF /* SQLGenerator.swift in Sources */,
				9BD5CEDE1F5FB0AE00DC8AB2 /* DatabaseQueue.swift in Sources */,
				9B891DED1F5E571B00CDBAF1 /* Statement.swift in Sources */,
				9B8FD1351F6B7C2400B108DF /* PropertyInfo.swift in Sources */,
			);
			runOnlyForDeploymentPostprocessing = 0;
		};
/* End PBXSourcesBuildPhase section */

/* Begin PBXVariantGroup section */
		9B891DD91F5E357A00CDBAF1 /* LaunchScreen.storyboard */ = {
			isa = PBXVariantGroup;
			children = (
				9B891DDA1F5E357A00CDBAF1 /* Base */,
			);
			name = LaunchScreen.storyboard;
			sourceTree = "<group>";
		};
/* End PBXVariantGroup section */

/* Begin XCBuildConfiguration section */
		9B891DDD1F5E357A00CDBAF1 /* Debug */ = {
			isa = XCBuildConfiguration;
			buildSettings = {
				ALWAYS_SEARCH_USER_PATHS = NO;
				CLANG_ANALYZER_NONNULL = YES;
				CLANG_ANALYZER_NUMBER_OBJECT_CONVERSION = YES_AGGRESSIVE;
				CLANG_CXX_LANGUAGE_STANDARD = "gnu++0x";
				CLANG_CXX_LIBRARY = "libc++";
				CLANG_ENABLE_MODULES = YES;
				CLANG_ENABLE_OBJC_ARC = YES;
				CLANG_WARN_BLOCK_CAPTURE_AUTORELEASING = YES;
				CLANG_WARN_BOOL_CONVERSION = YES;
				CLANG_WARN_COMMA = YES;
				CLANG_WARN_CONSTANT_CONVERSION = YES;
				CLANG_WARN_DIRECT_OBJC_ISA_USAGE = YES_ERROR;
				CLANG_WARN_DOCUMENTATION_COMMENTS = YES;
				CLANG_WARN_EMPTY_BODY = YES;
				CLANG_WARN_ENUM_CONVERSION = YES;
				CLANG_WARN_INFINITE_RECURSION = YES;
				CLANG_WARN_INT_CONVERSION = YES;
				CLANG_WARN_NON_LITERAL_NULL_CONVERSION = YES;
				CLANG_WARN_OBJC_LITERAL_CONVERSION = YES;
				CLANG_WARN_OBJC_ROOT_CLASS = YES_ERROR;
				CLANG_WARN_RANGE_LOOP_ANALYSIS = YES;
				CLANG_WARN_STRICT_PROTOTYPES = YES;
				CLANG_WARN_SUSPICIOUS_MOVE = YES;
				CLANG_WARN_UNREACHABLE_CODE = YES;
				CLANG_WARN__DUPLICATE_METHOD_MATCH = YES;
				"CODE_SIGN_IDENTITY[sdk=iphoneos*]" = "iPhone Developer";
				COPY_PHASE_STRIP = NO;
				DEBUG_INFORMATION_FORMAT = dwarf;
				ENABLE_STRICT_OBJC_MSGSEND = YES;
				ENABLE_TESTABILITY = YES;
				GCC_C_LANGUAGE_STANDARD = gnu99;
				GCC_DYNAMIC_NO_PIC = NO;
				GCC_NO_COMMON_BLOCKS = YES;
				GCC_OPTIMIZATION_LEVEL = 0;
				GCC_PREPROCESSOR_DEFINITIONS = (
					"DEBUG=1",
					"$(inherited)",
				);
				GCC_WARN_64_TO_32_BIT_CONVERSION = YES;
				GCC_WARN_ABOUT_RETURN_TYPE = YES_ERROR;
				GCC_WARN_UNDECLARED_SELECTOR = YES;
				GCC_WARN_UNINITIALIZED_AUTOS = YES_AGGRESSIVE;
				GCC_WARN_UNUSED_FUNCTION = YES;
				GCC_WARN_UNUSED_VARIABLE = YES;
				IPHONEOS_DEPLOYMENT_TARGET = 10.3;
				MTL_ENABLE_DEBUG_INFO = YES;
				ONLY_ACTIVE_ARCH = YES;
				SDKROOT = iphoneos;
				SWIFT_ACTIVE_COMPILATION_CONDITIONS = DEBUG;
				SWIFT_OPTIMIZATION_LEVEL = "-Onone";
				TARGETED_DEVICE_FAMILY = "1,2";
			};
			name = Debug;
		};
		9B891DDE1F5E357A00CDBAF1 /* Release */ = {
			isa = XCBuildConfiguration;
			buildSettings = {
				ALWAYS_SEARCH_USER_PATHS = NO;
				CLANG_ANALYZER_NONNULL = YES;
				CLANG_ANALYZER_NUMBER_OBJECT_CONVERSION = YES_AGGRESSIVE;
				CLANG_CXX_LANGUAGE_STANDARD = "gnu++0x";
				CLANG_CXX_LIBRARY = "libc++";
				CLANG_ENABLE_MODULES = YES;
				CLANG_ENABLE_OBJC_ARC = YES;
				CLANG_WARN_BLOCK_CAPTURE_AUTORELEASING = YES;
				CLANG_WARN_BOOL_CONVERSION = YES;
				CLANG_WARN_COMMA = YES;
				CLANG_WARN_CONSTANT_CONVERSION = YES;
				CLANG_WARN_DIRECT_OBJC_ISA_USAGE = YES_ERROR;
				CLANG_WARN_DOCUMENTATION_COMMENTS = YES;
				CLANG_WARN_EMPTY_BODY = YES;
				CLANG_WARN_ENUM_CONVERSION = YES;
				CLANG_WARN_INFINITE_RECURSION = YES;
				CLANG_WARN_INT_CONVERSION = YES;
				CLANG_WARN_NON_LITERAL_NULL_CONVERSION = YES;
				CLANG_WARN_OBJC_LITERAL_CONVERSION = YES;
				CLANG_WARN_OBJC_ROOT_CLASS = YES_ERROR;
				CLANG_WARN_RANGE_LOOP_ANALYSIS = YES;
				CLANG_WARN_STRICT_PROTOTYPES = YES;
				CLANG_WARN_SUSPICIOUS_MOVE = YES;
				CLANG_WARN_UNREACHABLE_CODE = YES;
				CLANG_WARN__DUPLICATE_METHOD_MATCH = YES;
				"CODE_SIGN_IDENTITY[sdk=iphoneos*]" = "iPhone Developer";
				COPY_PHASE_STRIP = NO;
				DEBUG_INFORMATION_FORMAT = "dwarf-with-dsym";
				ENABLE_NS_ASSERTIONS = NO;
				ENABLE_STRICT_OBJC_MSGSEND = YES;
				GCC_C_LANGUAGE_STANDARD = gnu99;
				GCC_NO_COMMON_BLOCKS = YES;
				GCC_WARN_64_TO_32_BIT_CONVERSION = YES;
				GCC_WARN_ABOUT_RETURN_TYPE = YES_ERROR;
				GCC_WARN_UNDECLARED_SELECTOR = YES;
				GCC_WARN_UNINITIALIZED_AUTOS = YES_AGGRESSIVE;
				GCC_WARN_UNUSED_FUNCTION = YES;
				GCC_WARN_UNUSED_VARIABLE = YES;
				IPHONEOS_DEPLOYMENT_TARGET = 10.3;
				MTL_ENABLE_DEBUG_INFO = NO;
				SDKROOT = iphoneos;
				SWIFT_OPTIMIZATION_LEVEL = "-Owholemodule";
				TARGETED_DEVICE_FAMILY = "1,2";
				VALIDATE_PRODUCT = YES;
			};
			name = Release;
		};
		9B891DE01F5E357A00CDBAF1 /* Debug */ = {
			isa = XCBuildConfiguration;
			buildSettings = {
				ASSETCATALOG_COMPILER_APPICON_NAME = AppIcon;
				CLANG_ENABLE_MODULES = YES;
				DEVELOPMENT_TEAM = 6NY5Z2C74Y;
				INFOPLIST_FILE = SwiftyDB/Info.plist;
				LD_RUNPATH_SEARCH_PATHS = "$(inherited) @executable_path/Frameworks";
				PRODUCT_BUNDLE_IDENTIFIER = com.icloudq.y7tech.SwiftyDB;
				PRODUCT_NAME = "$(TARGET_NAME)";
				PROVISIONING_PROFILE = "8e5fcaff-da71-4bc1-8037-b42378554a60";
				PROVISIONING_PROFILE_SPECIFIER = devProvisioningForLX;
				SWIFT_OBJC_BRIDGING_HEADER = "SwiftyDB/SwiftyDB/SwiftyDB-Bridging-Header.h";
				SWIFT_OPTIMIZATION_LEVEL = "-Onone";
				SWIFT_SWIFT3_OBJC_INFERENCE = Off;
				SWIFT_VERSION = 4.0;
			};
			name = Debug;
		};
		9B891DE11F5E357A00CDBAF1 /* Release */ = {
			isa = XCBuildConfiguration;
			buildSettings = {
				ASSETCATALOG_COMPILER_APPICON_NAME = AppIcon;
				CLANG_ENABLE_MODULES = YES;
				"CODE_SIGN_IDENTITY[sdk=iphoneos*]" = "iPhone Distribution";
				DEVELOPMENT_TEAM = 6NY5Z2C74Y;
				INFOPLIST_FILE = SwiftyDB/Info.plist;
				LD_RUNPATH_SEARCH_PATHS = "$(inherited) @executable_path/Frameworks";
				PRODUCT_BUNDLE_IDENTIFIER = com.icloudq.y7tech.SwiftyDB;
				PRODUCT_NAME = "$(TARGET_NAME)";
				PROVISIONING_PROFILE = "e673dd99-1bd8-4c7f-8771-26b986fe69dd";
				PROVISIONING_PROFILE_SPECIFIER = AXBProvisionProfile;
				SWIFT_OBJC_BRIDGING_HEADER = "SwiftyDB/SwiftyDB/SwiftyDB-Bridging-Header.h";
				SWIFT_SWIFT3_OBJC_INFERENCE = Off;
				SWIFT_VERSION = 4.0;
			};
			name = Release;
		};
/* End XCBuildConfiguration section */

/* Begin XCConfigurationList section */
		9B891DC81F5E357A00CDBAF1 /* Build configuration list for PBXProject "SwiftyDB" */ = {
			isa = XCConfigurationList;
			buildConfigurations = (
				9B891DDD1F5E357A00CDBAF1 /* Debug */,
				9B891DDE1F5E357A00CDBAF1 /* Release */,
			);
			defaultConfigurationIsVisible = 0;
			defaultConfigurationName = Release;
		};
		9B891DDF1F5E357A00CDBAF1 /* Build configuration list for PBXNativeTarget "SwiftyDB" */ = {
			isa = XCConfigurationList;
			buildConfigurations = (
				9B891DE01F5E357A00CDBAF1 /* Debug */,
				9B891DE11F5E357A00CDBAF1 /* Release */,
			);
			defaultConfigurationIsVisible = 0;
			defaultConfigurationName = Release;
		};
/* End XCConfigurationList section */
	};
	rootObject = 9B891DC51F5E357A00CDBAF1 /* Project object */;
}
